// !$*UTF8*$!
{
	archiveVersion = 1;
	classes = {
	};
	objectVersion = 50;
	objects = {

/* Begin PBXBuildFile section */
		C6DD41792248EEF200F537AA /* AppDelegate.swift in Sources */ = {isa = PBXBuildFile; fileRef = C6DD41782248EEF200F537AA /* AppDelegate.swift */; };
		C6DD417B2248EEF200F537AA /* ViewController.swift in Sources */ = {isa = PBXBuildFile; fileRef = C6DD417A2248EEF200F537AA /* ViewController.swift */; };
		C6DD417E2248EEF200F537AA /* Main.storyboard in Resources */ = {isa = PBXBuildFile; fileRef = C6DD417C2248EEF200F537AA /* Main.storyboard */; };
		C6DD41812248EEF200F537AA /* Task.xcdatamodeld in Sources */ = {isa = PBXBuildFile; fileRef = C6DD417F2248EEF200F537AA /* Task.xcdatamodeld */; };
		C6DD41832248EEF600F537AA /* Assets.xcassets in Resources */ = {isa = PBXBuildFile; fileRef = C6DD41822248EEF600F537AA /* Assets.xcassets */; };
		C6DD41862248EEF600F537AA /* LaunchScreen.storyboard in Resources */ = {isa = PBXBuildFile; fileRef = C6DD41842248EEF600F537AA /* LaunchScreen.storyboard */; };
		C6DD418E22490DD200F537AA /* TableViewCell.swift in Sources */ = {isa = PBXBuildFile; fileRef = C6DD418D22490DD200F537AA /* TableViewCell.swift */; };
		E9CDA76D22494CFC000D4BBB /* CurrencyModel.swift in Sources */ = {isa = PBXBuildFile; fileRef = E9CDA76C22494CFC000D4BBB /* CurrencyModel.swift */; };
/* End PBXBuildFile section */

/* Begin PBXFileReference section */
		C6DD41752248EEF200F537AA /* Task.app */ = {isa = PBXFileReference; explicitFileType = wrapper.application; includeInIndex = 0; path = Task.app; sourceTree = BUILT_PRODUCTS_DIR; };
		C6DD41782248EEF200F537AA /* AppDelegate.swift */ = {isa = PBXFileReference; lastKnownFileType = sourcecode.swift; path = AppDelegate.swift; sourceTree = "<group>"; };
		C6DD417A2248EEF200F537AA /* ViewController.swift */ = {isa = PBXFileReference; lastKnownFileType = sourcecode.swift; path = ViewController.swift; sourceTree = "<group>"; };
		C6DD417D2248EEF200F537AA /* Base */ = {isa = PBXFileReference; lastKnownFileType = file.storyboard; name = Base; path = Base.lproj/Main.storyboard; sourceTree = "<group>"; };
		C6DD41802248EEF200F537AA /* Task.xcdatamodel */ = {isa = PBXFileReference; lastKnownFileType = wrapper.xcdatamodel; path = Task.xcdatamodel; sourceTree = "<group>"; };
		C6DD41822248EEF600F537AA /* Assets.xcassets */ = {isa = PBXFileReference; lastKnownFileType = folder.assetcatalog; path = Assets.xcassets; sourceTree = "<group>"; };
		C6DD41852248EEF600F537AA /* Base */ = {isa = PBXFileReference; lastKnownFileType = file.storyboard; name = Base; path = Base.lproj/LaunchScreen.storyboard; sourceTree = "<group>"; };
		C6DD41872248EEF600F537AA /* Info.plist */ = {isa = PBXFileReference; lastKnownFileType = text.plist.xml; path = Info.plist; sourceTree = "<group>"; };
		C6DD418D22490DD200F537AA /* TableViewCell.swift */ = {isa = PBXFileReference; lastKnownFileType = sourcecode.swift; path = TableViewCell.swift; sourceTree = "<group>"; };
		E9CDA76C22494CFC000D4BBB /* CurrencyModel.swift */ = {isa = PBXFileReference; lastKnownFileType = sourcecode.swift; path = CurrencyModel.swift; sourceTree = "<group>"; };
/* End PBXFileReference section */

/* Begin PBXFrameworksBuildPhase section */
		C6DD41722248EEF200F537AA /* Frameworks */ = {
			isa = PBXFrameworksBuildPhase;
			buildActionMask = 2147483647;
			files = (
			);
			runOnlyForDeploymentPostprocessing = 0;
		};
/* End PBXFrameworksBuildPhase section */

/* Begin PBXGroup section */
		C6DD416C2248EEF200F537AA = {
			isa = PBXGroup;
			children = (
				C6DD41772248EEF200F537AA /* Task */,
				C6DD41762248EEF200F537AA /* Products */,
			);
			sourceTree = "<group>";
		};
		C6DD41762248EEF200F537AA /* Products */ = {
			isa = PBXGroup;
			children = (
				C6DD41752248EEF200F537AA /* Task.app */,
			);
			name = Products;
			sourceTree = "<group>";
		};
		C6DD41772248EEF200F537AA /* Task */ = {
			isa = PBXGroup;
			children = (
				C6DD41782248EEF200F537AA /* AppDelegate.swift */,
				E9CDA76B22493AF1000D4BBB /* Model */,
				E9CDA76A22493937000D4BBB /* View */,
				E9CDA7692249392A000D4BBB /* Controller */,
				C6DD417C2248EEF200F537AA /* Main.storyboard */,
				C6DD41822248EEF600F537AA /* Assets.xcassets */,
				C6DD41842248EEF600F537AA /* LaunchScreen.storyboard */,
				C6DD41872248EEF600F537AA /* Info.plist */,
				C6DD417F2248EEF200F537AA /* Task.xcdatamodeld */,
			);
			path = Task;
			sourceTree = "<group>";
		};
		E9CDA7692249392A000D4BBB /* Controller */ = {
			isa = PBXGroup;
			children = (
				C6DD417A2248EEF200F537AA /* ViewController.swift */,
			);
			path = Controller;
			sourceTree = "<group>";
		};
		E9CDA76A22493937000D4BBB /* View */ = {
			isa = PBXGroup;
			children = (
				C6DD418D22490DD200F537AA /* TableViewCell.swift */,
			);
			path = View;
			sourceTree = "<group>";
		};
		E9CDA76B22493AF1000D4BBB /* Model */ = {
			isa = PBXGroup;
			children = (
				E9CDA76C22494CFC000D4BBB /* CurrencyModel.swift */,
			);
			path = Model;
			sourceTree = "<group>";
		};
/* End PBXGroup section */

/* Begin PBXNativeTarget section */
		C6DD41742248EEF200F537AA /* Task */ = {
			isa = PBXNativeTarget;
			buildConfigurationList = C6DD418A2248EEF600F537AA /* Build configuration list for PBXNativeTarget "Task" */;
			buildPhases = (
				C6DD41712248EEF200F537AA /* Sources */,
				C6DD41722248EEF200F537AA /* Frameworks */,
				C6DD41732248EEF200F537AA /* Resources */,
			);
			buildRules = (
			);
			dependencies = (
			);
			name = Task;
			productName = Task;
			productReference = C6DD41752248EEF200F537AA /* Task.app */;
			productType = "com.apple.product-type.application";
		};
/* End PBXNativeTarget section */

/* Begin PBXProject section */
		C6DD416D2248EEF200F537AA /* Project object */ = {
			isa = PBXProject;
			attributes = {
				LastSwiftUpdateCheck = 1010;
				LastUpgradeCheck = 1010;
				ORGANIZATIONNAME = incipio;
				TargetAttributes = {
					C6DD41742248EEF200F537AA = {
						CreatedOnToolsVersion = 10.1;
					};
				};
			};
			buildConfigurationList = C6DD41702248EEF200F537AA /* Build configuration list for PBXProject "Task" */;
			compatibilityVersion = "Xcode 9.3";
			developmentRegion = en;
			hasScannedForEncodings = 0;
			knownRegions = (
				en,
				Base,
			);
			mainGroup = C6DD416C2248EEF200F537AA;
			productRefGroup = C6DD41762248EEF200F537AA /* Products */;
			projectDirPath = "";
			projectRoot = "";
			targets = (
				C6DD41742248EEF200F537AA /* Task */,
			);
		};
/* End PBXProject section */

/* Begin PBXResourcesBuildPhase section */
		C6DD41732248EEF200F537AA /* Resources */ = {
			isa = PBXResourcesBuildPhase;
			buildActionMask = 2147483647;
			files = (
				C6DD41862248EEF600F537AA /* LaunchScreen.storyboard in Resources */,
				C6DD41832248EEF600F537AA /* Assets.xcassets in Resources */,
				C6DD417E2248EEF200F537AA /* Main.storyboard in Resources */,
			);
			runOnlyForDeploymentPostprocessing = 0;
		};
/* End PBXResourcesBuildPhase section */

/* Begin PBXSourcesBuildPhase section */
		C6DD41712248EEF200F537AA /* Sources */ = {
			isa = PBXSourcesBuildPhase;
			buildActionMask = 2147483647;
			files = (
				C6DD41812248EEF200F537AA /* Task.xcdatamodeld in Sources */,
				C6DD418E22490DD200F537AA /* TableViewCell.swift in Sources */,
				E9CDA76D22494CFC000D4BBB /* CurrencyModel.swift in Sources */,
				C6DD417B2248EEF200F537AA /* ViewController.swift in Sources */,
				C6DD41792248EEF200F537AA /* AppDelegate.swift in Sources */,
			);
			runOnlyForDeploymentPostprocessing = 0;
		};
/* End PBXSourcesBuildPhase section */

/* Begin PBXVariantGroup section */
		C6DD417C2248EEF200F537AA /* Main.storyboard */ = {
			isa = PBXVariantGroup;
			children = (
				C6DD417D2248EEF200F537AA /* Base */,
			);
			name = Main.storyboard;
			sourceTree = "<group>";
		};
		C6DD41842248EEF600F537AA /* LaunchScreen.storyboard */ = {
			isa = PBXVariantGroup;
			children = (
				C6DD41852248EEF600F537AA /* Base */,
			);
			name = LaunchScreen.storyboard;
			sourceTree = "<group>";
		};
/* End PBXVariantGroup section */

/* Begin XCBuildConfiguration section */
		C6DD41882248EEF600F537AA /* Debug */ = {
			isa = XCBuildConfiguration;
			buildSettings = {
				ALWAYS_SEARCH_USER_PATHS = NO;
				CLANG_ANALYZER_NONNULL = YES;
				CLANG_ANALYZER_NUMBER_OBJECT_CONVERSION = YES_AGGRESSIVE;
				CLANG_CXX_LANGUAGE_STANDARD = "gnu++14";
				CLANG_CXX_LIBRARY = "libc++";
				CLANG_ENABLE_MODULES = YES;
				CLANG_ENABLE_OBJC_ARC = YES;
				CLANG_ENABLE_OBJC_WEAK = YES;
				CLANG_WARN_BLOCK_CAPTURE_AUTORELEASING = YES;
				CLANG_WARN_BOOL_CONVERSION = YES;
				CLANG_WARN_COMMA = YES;
				CLANG_WARN_CONSTANT_CONVERSION = YES;
				CLANG_WARN_DEPRECATED_OBJC_IMPLEMENTATIONS = YES;
				CLANG_WARN_DIRECT_OBJC_ISA_USAGE = YES_ERROR;
				CLANG_WARN_DOCUMENTATION_COMMENTS = YES;
				CLANG_WARN_EMPTY_BODY = YES;
				CLANG_WARN_ENUM_CONVERSION = YES;
				CLANG_WARN_INFINITE_RECURSION = YES;
				CLANG_WARN_INT_CONVERSION = YES;
				CLANG_WARN_NON_LITERAL_NULL_CONVERSION = YES;
				CLANG_WARN_OBJC_IMPLICIT_RETAIN_SELF = YES;
				CLANG_WARN_OBJC_LITERAL_CONVERSION = YES;
				CLANG_WARN_OBJC_ROOT_CLASS = YES_ERROR;
				CLANG_WARN_RANGE_LOOP_ANALYSIS = YES;
				CLANG_WARN_STRICT_PROTOTYPES = YES;
				CLANG_WARN_SUSPICIOUS_MOVE = YES;
				CLANG_WARN_UNGUARDED_AVAILABILITY = YES_AGGRESSIVE;
				CLANG_WARN_UNREACHABLE_CODE = YES;
				CLANG_WARN__DUPLICATE_METHOD_MATCH = YES;
				CODE_SIGN_IDENTITY = "iPhone Developer";
				COPY_PHASE_STRIP = NO;
				DEBUG_INFORMATION_FORMAT = dwarf;
				ENABLE_STRICT_OBJC_MSGSEND = YES;
				ENABLE_TESTABILITY = YES;
				GCC_C_LANGUAGE_STANDARD = gnu11;
				GCC_DYNAMIC_NO_PIC = NO;
				GCC_NO_COMMON_BLOCKS = YES;
				GCC_OPTIMIZATION_LEVEL = 0;
				GCC_PREPROCESSOR_DEFINITIONS = (
					"DEBUG=1",
					"$(inherited)",
				);
				GCC_WARN_64_TO_32_BIT_CONVERSION = YES;
				GCC_WARN_ABOUT_RETURN_TYPE = YES_ERROR;
				GCC_WARN_UNDECLARED_SELECTOR = YES;
				GCC_WARN_UNINITIALIZED_AUTOS = YES_AGGRESSIVE;
				GCC_WARN_UNUSED_FUNCTION = YES;
				GCC_WARN_UNUSED_VARIABLE = YES;
				IPHONEOS_DEPLOYMENT_TARGET = 12.1;
				MTL_ENABLE_DEBUG_INFO = INCLUDE_SOURCE;
				MTL_FAST_MATH = YES;
				ONLY_ACTIVE_ARCH = YES;
				SDKROOT = iphoneos;
				SWIFT_ACTIVE_COMPILATION_CONDITIONS = DEBUG;
				SWIFT_OPTIMIZATION_LEVEL = "-Onone";
			};
			name = Debug;
		};
		C6DD41892248EEF600F537AA /* Release */ = {
			isa = XCBuildConfiguration;
			buildSettings = {
				ALWAYS_SEARCH_USER_PATHS = NO;
				CLANG_ANALYZER_NONNULL = YES;
				CLANG_ANALYZER_NUMBER_OBJECT_CONVERSION = YES_AGGRESSIVE;
				CLANG_CXX_LANGUAGE_STANDARD = "gnu++14";
				CLANG_CXX_LIBRARY = "libc++";
				CLANG_ENABLE_MODULES = YES;
				CLANG_ENABLE_OBJC_ARC = YES;
				CLANG_ENABLE_OBJC_WEAK = YES;
				CLANG_WARN_BLOCK_CAPTURE_AUTORELEASING = YES;
				CLANG_WARN_BOOL_CONVERSION = YES;
				CLANG_WARN_COMMA = YES;
				CLANG_WARN_CONSTANT_CONVERSION = YES;
				CLANG_WARN_DEPRECATED_OBJC_IMPLEMENTATIONS = YES;
				CLANG_WARN_DIRECT_OBJC_ISA_USAGE = YES_ERROR;
				CLANG_WARN_DOCUMENTATION_COMMENTS = YES;
				CLANG_WARN_EMPTY_BODY = YES;
				CLANG_WARN_ENUM_CONVERSION = YES;
				CLANG_WARN_INFINITE_RECURSION = YES;
				CLANG_WARN_INT_CONVERSION = YES;
				CLANG_WARN_NON_LITERAL_NULL_CONVERSION = YES;
				CLANG_WARN_OBJC_IMPLICIT_RETAIN_SELF = YES;
				CLANG_WARN_OBJC_LITERAL_CONVERSION = YES;
				CLANG_WARN_OBJC_ROOT_CLASS = YES_ERROR;
				CLANG_WARN_RANGE_LOOP_ANALYSIS = YES;
				CLANG_WARN_STRICT_PROTOTYPES = YES;
				CLANG_WARN_SUSPICIOUS_MOVE = YES;
				CLANG_WARN_UNGUARDED_AVAILABILITY = YES_AGGRESSIVE;
				CLANG_WARN_UNREACHABLE_CODE = YES;
				CLANG_WARN__DUPLICATE_METHOD_MATCH = YES;
				CODE_SIGN_IDENTITY = "iPhone Developer";
				COPY_PHASE_STRIP = NO;
				DEBUG_INFORMATION_FORMAT = "dwarf-with-dsym";
				ENABLE_NS_ASSERTIONS = NO;
				ENABLE_STRICT_OBJC_MSGSEND = YES;
				GCC_C_LANGUAGE_STANDARD = gnu11;
				GCC_NO_COMMON_BLOCKS = YES;
				GCC_WARN_64_TO_32_BIT_CONVERSION = YES;
				GCC_WARN_ABOUT_RETURN_TYPE = YES_ERROR;
				GCC_WARN_UNDECLARED_SELECTOR = YES;
				GCC_WARN_UNINITIALIZED_AUTOS = YES_AGGRESSIVE;
				GCC_WARN_UNUSED_FUNCTION = YES;
				GCC_WARN_UNUSED_VARIABLE = YES;
				IPHONEOS_DEPLOYMENT_TARGET = 12.1;
				MTL_ENABLE_DEBUG_INFO = NO;
				MTL_FAST_MATH = YES;
				SDKROOT = iphoneos;
				SWIFT_COMPILATION_MODE = wholemodule;
				SWIFT_OPTIMIZATION_LEVEL = "-O";
				VALIDATE_PRODUCT = YES;
			};
			name = Release;
		};
		C6DD418B2248EEF600F537AA /* Debug */ = {
			isa = XCBuildConfiguration;
			buildSettings = {
				ASSETCATALOG_COMPILER_APPICON_NAME = AppIcon;
				CODE_SIGN_STYLE = Automatic;
				DEVELOPMENT_TEAM = WE284HA9Z2;
				INFOPLIST_FILE = Task/Info.plist;
				LD_RUNPATH_SEARCH_PATHS = (
					"$(inherited)",
					"@executable_path/Frameworks",
				);
				PRODUCT_BUNDLE_IDENTIFIER = com.uhr.Task;
				PRODUCT_NAME = "$(TARGET_NAME)";
				SWIFT_VERSION = 4.2;
				TARGETED_DEVICE_FAMILY = "1,2";
			};
			name = Debug;
		};
		C6DD418C2248EEF600F537AA /* Release */ = {
			isa = XCBuildConfiguration;
			buildSettings = {
				ASSETCATALOG_COMPILER_APPICON_NAME = AppIcon;
				CODE_SIGN_STYLE = Automatic;
				DEVELOPMENT_TEAM = WE284HA9Z2;
				INFOPLIST_FILE = Task/Info.plist;
				LD_RUNPATH_SEARCH_PATHS = (
					"$(inherited)",
					"@executable_path/Frameworks",
				);
				PRODUCT_BUNDLE_IDENTIFIER = com.uhr.Task;
				PRODUCT_NAME = "$(TARGET_NAME)";
				SWIFT_VERSION = 4.2;
				TARGETED_DEVICE_FAMILY = "1,2";
			};
			name = Release;
		};
/* End XCBuildConfiguration section */

/* Begin XCConfigurationList section */
		C6DD41702248EEF200F537AA /* Build configuration list for PBXProject "Task" */ = {
			isa = XCConfigurationList;
			buildConfigurations = (
				C6DD41882248EEF600F537AA /* Debug */,
				C6DD41892248EEF600F537AA /* Release */,
			);
			defaultConfigurationIsVisible = 0;
			defaultConfigurationName = Release;
		};
		C6DD418A2248EEF600F537AA /* Build configuration list for PBXNativeTarget "Task" */ = {
			isa = XCConfigurationList;
			buildConfigurations = (
				C6DD418B2248EEF600F537AA /* Debug */,
				C6DD418C2248EEF600F537AA /* Release */,
			);
			defaultConfigurationIsVisible = 0;
			defaultConfigurationName = Release;
		};
/* End XCConfigurationList section */

/* Begin XCVersionGroup section */
		C6DD417F2248EEF200F537AA /* Task.xcdatamodeld */ = {
			isa = XCVersionGroup;
			children = (
				C6DD41802248EEF200F537AA /* Task.xcdatamodel */,
			);
			currentVersion = C6DD41802248EEF200F537AA /* Task.xcdatamodel */;
			path = Task.xcdatamodeld;
			sourceTree = "<group>";
			versionGroupType = wrapper.xcdatamodel;
		};
/* End XCVersionGroup section */
	};
	rootObject = C6DD416D2248EEF200F537AA /* Project object */;
}
